
Microsoft Visual Studio Solution File, Format Version 12.00
# Visual Studio Version 17
VisualStudioVersion = 17.0.31903.59
MinimumVisualStudioVersion = 10.0.40219.1
Project("{2150E333-8FDC-42A3-9474-1A3956D46DE8}") = "shared", "shared", "{4F52FD11-658E-A102-6CD3-7D7C16FFA15B}"
EndProject
Project("{FAE04EC0-301F-11D3-BF4B-00C04F79EFBC}") = "Levante.SharedKernel", "shared\Levante.SharedKernel\Levante.SharedKernel.csproj", "{7CA01C75-32CB-4A68-9CCE-769F471FDF22}"
EndProject
Project("{2150E333-8FDC-42A3-9474-1A3956D46DE8}") = "contexts", "contexts", "{1318515A-FEA5-ABF0-E55F-DEF84563DA65}"
EndProject
Project("{2150E333-8FDC-42A3-9474-1A3956D46DE8}") = "Conteudo", "Conteudo", "{BAB4449F-1DEA-7D96-B208-22F6086CAFCC}"
EndProject
Project("{FAE04EC0-301F-11D3-BF4B-00C04F79EFBC}") = "Levante.Conteudo.Domain", "contexts\Conteudo\Levante.Conteudo.Domain\Levante.Conteudo.Domain.csproj", "{9D04D931-98CF-411A-B64F-F9EF9667D3E8}"
EndProject
Project("{FAE04EC0-301F-11D3-BF4B-00C04F79EFBC}") = "Levante.Conteudo.Application", "contexts\Conteudo\Levante.Conteudo.Application\Levante.Conteudo.Application.csproj", "{6141C961-7AC9-4F1C-BC92-3FA699E5E1FD}"
EndProject
Project("{FAE04EC0-301F-11D3-BF4B-00C04F79EFBC}") = "Levante.Conteudo.Infrastructure", "contexts\Conteudo\Levante.Conteudo.Infrastructure\Levante.Conteudo.Infrastructure.csproj", "{4B93B418-813B-48F0-A5CA-0790D11B4FD1}"
EndProject
Project("{2150E333-8FDC-42A3-9474-1A3956D46DE8}") = "host", "host", "{7226ABEA-787E-1D09-10EA-A2ECF996D6A6}"
EndProject
Project("{FAE04EC0-301F-11D3-BF4B-00C04F79EFBC}") = "Levante.Api", "host\Levante.Api\Levante.Api.csproj", "{A9402CEF-450B-4889-84D7-7EF36231B00D}"
EndProject
Project("{FAE04EC0-301F-11D3-BF4B-00C04F79EFBC}") = "Levante.Conteudo.UnitTests", "..\..\tests\Levante.Conteudo.UnitTests\Levante.Conteudo.UnitTests.csproj", "{FA05EA97-0453-42E6-A0EF-A77E6776A42D}"
EndProject
Project("{FAE04EC0-301F-11D3-BF4B-00C04F79EFBC}") = "Levante.ArchitectureTests", "..\..\tests\Levante.ArchitectureTests\Levante.ArchitectureTests.csproj", "{D8880249-5221-45FB-8B2F-4C2A85F8C32F}"
EndProject
Project("{FAE04EC0-301F-11D3-BF4B-00C04F79EFBC}") = "Levante.Api.IntegrationTests", "..\..\tests\Levante.Api.IntegrationTests\Levante.Api.IntegrationTests.csproj", "{008725D0-5212-4EA3-9BDA-E75E87160F1F}"
EndProject
Project("{2150E333-8FDC-42A3-9474-1A3956D46DE8}") = "Identity", "Identity", "{8D881716-CF41-43E2-DA24-C52AC9FCCF8C}"
EndProject
Project("{FAE04EC0-301F-11D3-BF4B-00C04F79EFBC}") = "Levante.Identity.Domain", "contexts\Identity\Levante.Identity.Domain\Levante.Identity.Domain.csproj", "{7141AB8A-E978-4848-A34D-59AD336F7BE1}"
EndProject
Project("{FAE04EC0-301F-11D3-BF4B-00C04F79EFBC}") = "Levante.Identity.Application", "contexts\Identity\Levante.Identity.Application\Levante.Identity.Application.csproj", "{0E678850-0133-4186-BED3-D04ABE017EDD}"
EndProject
Project("{FAE04EC0-301F-11D3-BF4B-00C04F79EFBC}") = "Levante.Identity.Infrastructure", "contexts\Identity\Levante.Identity.Infrastructure\Levante.Identity.Infrastructure.csproj", "{0E7DA70F-86A4-477B-95F4-C8ABD8B46366}"
EndProject
Project("{FAE04EC0-301F-11D3-BF4B-00C04F79EFBC}") = "Levante.Identity.UnitTests", "..\..\tests\Levante.Identity.UnitTests\Levante.Identity.UnitTests.csproj", "{85F7EE1E-4FA6-4814-B043-203082433407}"
EndProject
Project("{FAE04EC0-301F-11D3-BF4B-00C04F79EFBC}") = "Levante.SharedKernel.Infrastructure", "shared\Levante.SharedKernel.Infrastructure\Levante.SharedKernel.Infrastructure.csproj", "{1822A739-51DE-4B6C-9A03-E048397D6D50}"
EndProject
Project("{2150E333-8FDC-42A3-9474-1A3956D46DE8}") = "Engajamento", "Engajamento", "{D4BAFBEF-14F9-3768-E7E2-C1B6A2F30B60}"
EndProject
Project("{FAE04EC0-301F-11D3-BF4B-00C04F79EFBC}") = "Levante.Engajamento.Domain", "contexts\Engajamento\Levante.Engajamento.Domain\Levante.Engajamento.Domain.csproj", "{46264508-E648-4CEE-A00A-269BD3F36513}"
EndProject
Project("{FAE04EC0-301F-11D3-BF4B-00C04F79EFBC}") = "Levante.Engajamento.Application", "contexts\Engajamento\Levante.Engajamento.Application\Levante.Engajamento.Application.csproj", "{F71EB251-BC8B-4782-9547-BC7A183833B2}"
EndProject
Project("{FAE04EC0-301F-11D3-BF4B-00C04F79EFBC}") = "Levante.Engajamento.Infrastructure", "contexts\Engajamento\Levante.Engajamento.Infrastructure\Levante.Engajamento.Infrastructure.csproj", "{294F245F-2C38-4336-95C7-45C57F97CB52}"
EndProject
Project("{2150E333-8FDC-42A3-9474-1A3956D46DE8}") = "tests", "tests", "{0AB3BF05-4346-4AA6-1389-037BE0695223}"
EndProject
Project("{FAE04EC0-301F-11D3-BF4B-00C04F79EFBC}") = "Levante.Engajamento.UnitTests", "..\..\tests\Levante.Engajamento.UnitTests\Levante.Engajamento.UnitTests.csproj", "{AFC3E6E9-D9F5-424A-BF10-E5D3B6C83394}"
EndProject
Global
	GlobalSection(SolutionConfigurationPlatforms) = preSolution
		Debug|Any CPU = Debug|Any CPU
		Debug|x64 = Debug|x64
		Debug|x86 = Debug|x86
		Release|Any CPU = Release|Any CPU
		Release|x64 = Release|x64
		Release|x86 = Release|x86
	EndGlobalSection
	GlobalSection(ProjectConfigurationPlatforms) = postSolution
		{7CA01C75-32CB-4A68-9CCE-769F471FDF22}.Debug|Any CPU.ActiveCfg = Debug|Any CPU
		{7CA01C75-32CB-4A68-9CCE-769F471FDF22}.Debug|Any CPU.Build.0 = Debug|Any CPU
		{7CA01C75-32CB-4A68-9CCE-769F471FDF22}.Debug|x64.ActiveCfg = Debug|Any CPU
		{7CA01C75-32CB-4A68-9CCE-769F471FDF22}.Debug|x64.Build.0 = Debug|Any CPU
		{7CA01C75-32CB-4A68-9CCE-769F471FDF22}.Debug|x86.ActiveCfg = Debug|Any CPU
		{7CA01C75-32CB-4A68-9CCE-769F471FDF22}.Debug|x86.Build.0 = Debug|Any CPU
		{7CA01C75-32CB-4A68-9CCE-769F471FDF22}.Release|Any CPU.ActiveCfg = Release|Any CPU
		{7CA01C75-32CB-4A68-9CCE-769F471FDF22}.Release|Any CPU.Build.0 = Release|Any CPU
		{7CA01C75-32CB-4A68-9CCE-769F471FDF22}.Release|x64.ActiveCfg = Release|Any CPU
		{7CA01C75-32CB-4A68-9CCE-769F471FDF22}.Release|x64.Build.0 = Release|Any CPU
		{7CA01C75-32CB-4A68-9CCE-769F471FDF22}.Release|x86.ActiveCfg = Release|Any CPU
		{7CA01C75-32CB-4A68-9CCE-769F471FDF22}.Release|x86.Build.0 = Release|Any CPU
		{9D04D931-98CF-411A-B64F-F9EF9667D3E8}.Debug|Any CPU.ActiveCfg = Debug|Any CPU
		{9D04D931-98CF-411A-B64F-F9EF9667D3E8}.Debug|Any CPU.Build.0 = Debug|Any CPU
		{9D04D931-98CF-411A-B64F-F9EF9667D3E8}.Debug|x64.ActiveCfg = Debug|Any CPU
		{9D04D931-98CF-411A-B64F-F9EF9667D3E8}.Debug|x64.Build.0 = Debug|Any CPU
		{9D04D931-98CF-411A-B64F-F9EF9667D3E8}.Debug|x86.ActiveCfg = Debug|Any CPU
		{9D04D931-98CF-411A-B64F-F9EF9667D3E8}.Debug|x86.Build.0 = Debug|Any CPU
		{9D04D931-98CF-411A-B64F-F9EF9667D3E8}.Release|Any CPU.ActiveCfg = Release|Any CPU
		{9D04D931-98CF-411A-B64F-F9EF9667D3E8}.Release|Any CPU.Build.0 = Release|Any CPU
		{9D04D931-98CF-411A-B64F-F9EF9667D3E8}.Release|x64.ActiveCfg = Release|Any CPU
		{9D04D931-98CF-411A-B64F-F9EF9667D3E8}.Release|x64.Build.0 = Release|Any CPU
		{9D04D931-98CF-411A-B64F-F9EF9667D3E8}.Release|x86.ActiveCfg = Release|Any CPU
		{9D04D931-98CF-411A-B64F-F9EF9667D3E8}.Release|x86.Build.0 = Release|Any CPU
		{6141C961-7AC9-4F1C-BC92-3FA699E5E1FD}.Debug|Any CPU.ActiveCfg = Debug|Any CPU
		{6141C961-7AC9-4F1C-BC92-3FA699E5E1FD}.Debug|Any CPU.Build.0 = Debug|Any CPU
		{6141C961-7AC9-4F1C-BC92-3FA699E5E1FD}.Debug|x64.ActiveCfg = Debug|Any CPU
		{6141C961-7AC9-4F1C-BC92-3FA699E5E1FD}.Debug|x64.Build.0 = Debug|Any CPU
		{6141C961-7AC9-4F1C-BC92-3FA699E5E1FD}.Debug|x86.ActiveCfg = Debug|Any CPU
		{6141C961-7AC9-4F1C-BC92-3FA699E5E1FD}.Debug|x86.Build.0 = Debug|Any CPU
		{6141C961-7AC9-4F1C-BC92-3FA699E5E1FD}.Release|Any CPU.ActiveCfg = Release|Any CPU
		{6141C961-7AC9-4F1C-BC92-3FA699E5E1FD}.Release|Any CPU.Build.0 = Release|Any CPU
		{6141C961-7AC9-4F1C-BC92-3FA699E5E1FD}.Release|x64.ActiveCfg = Release|Any CPU
		{6141C961-7AC9-4F1C-BC92-3FA699E5E1FD}.Release|x64.Build.0 = Release|Any CPU
		{6141C961-7AC9-4F1C-BC92-3FA699E5E1FD}.Release|x86.ActiveCfg = Release|Any CPU
		{6141C961-7AC9-4F1C-BC92-3FA699E5E1FD}.Release|x86.Build.0 = Release|Any CPU
		{4B93B418-813B-48F0-A5CA-0790D11B4FD1}.Debug|Any CPU.ActiveCfg = Debug|Any CPU
		{4B93B418-813B-48F0-A5CA-0790D11B4FD1}.Debug|Any CPU.Build.0 = Debug|Any CPU
		{4B93B418-813B-48F0-A5CA-0790D11B4FD1}.Debug|x64.ActiveCfg = Debug|Any CPU
		{4B93B418-813B-48F0-A5CA-0790D11B4FD1}.Debug|x64.Build.0 = Debug|Any CPU
		{4B93B418-813B-48F0-A5CA-0790D11B4FD1}.Debug|x86.ActiveCfg = Debug|Any CPU
		{4B93B418-813B-48F0-A5CA-0790D11B4FD1}.Debug|x86.Build.0 = Debug|Any CPU
		{4B93B418-813B-48F0-A5CA-0790D11B4FD1}.Release|Any CPU.ActiveCfg = Release|Any CPU
		{4B93B418-813B-48F0-A5CA-0790D11B4FD1}.Release|Any CPU.Build.0 = Release|Any CPU
		{4B93B418-813B-48F0-A5CA-0790D11B4FD1}.Release|x64.ActiveCfg = Release|Any CPU
		{4B93B418-813B-48F0-A5CA-0790D11B4FD1}.Release|x64.Build.0 = Release|Any CPU
		{4B93B418-813B-48F0-A5CA-0790D11B4FD1}.Release|x86.ActiveCfg = Release|Any CPU
		{4B93B418-813B-48F0-A5CA-0790D11B4FD1}.Release|x86.Build.0 = Release|Any CPU
		{A9402CEF-450B-4889-84D7-7EF36231B00D}.Debug|Any CPU.ActiveCfg = Debug|Any CPU
		{A9402CEF-450B-4889-84D7-7EF36231B00D}.Debug|Any CPU.Build.0 = Debug|Any CPU
		{A9402CEF-450B-4889-84D7-7EF36231B00D}.Debug|x64.ActiveCfg = Debug|Any CPU
		{A9402CEF-450B-4889-84D7-7EF36231B00D}.Debug|x64.Build.0 = Debug|Any CPU
		{A9402CEF-450B-4889-84D7-7EF36231B00D}.Debug|x86.ActiveCfg = Debug|Any CPU
		{A9402CEF-450B-4889-84D7-7EF36231B00D}.Debug|x86.Build.0 = Debug|Any CPU
		{A9402CEF-450B-4889-84D7-7EF36231B00D}.Release|Any CPU.ActiveCfg = Release|Any CPU
		{A9402CEF-450B-4889-84D7-7EF36231B00D}.Release|Any CPU.Build.0 = Release|Any CPU
		{A9402CEF-450B-4889-84D7-7EF36231B00D}.Release|x64.ActiveCfg = Release|Any CPU
		{A9402CEF-450B-4889-84D7-7EF36231B00D}.Release|x64.Build.0 = Release|Any CPU
		{A9402CEF-450B-4889-84D7-7EF36231B00D}.Release|x86.ActiveCfg = Release|Any CPU
		{A9402CEF-450B-4889-84D7-7EF36231B00D}.Release|x86.Build.0 = Release|Any CPU
		{FA05EA97-0453-42E6-A0EF-A77E6776A42D}.Debug|Any CPU.ActiveCfg = Debug|Any CPU
		{FA05EA97-0453-42E6-A0EF-A77E6776A42D}.Debug|Any CPU.Build.0 = Debug|Any CPU
		{FA05EA97-0453-42E6-A0EF-A77E6776A42D}.Debug|x64.ActiveCfg = Debug|Any CPU
		{FA05EA97-0453-42E6-A0EF-A77E6776A42D}.Debug|x64.Build.0 = Debug|Any CPU
		{FA05EA97-0453-42E6-A0EF-A77E6776A42D}.Debug|x86.ActiveCfg = Debug|Any CPU
		{FA05EA97-0453-42E6-A0EF-A77E6776A42D}.Debug|x86.Build.0 = Debug|Any CPU
		{FA05EA97-0453-42E6-A0EF-A77E6776A42D}.Release|Any CPU.ActiveCfg = Release|Any CPU
		{FA05EA97-0453-42E6-A0EF-A77E6776A42D}.Release|Any CPU.Build.0 = Release|Any CPU
		{FA05EA97-0453-42E6-A0EF-A77E6776A42D}.Release|x64.ActiveCfg = Release|Any CPU
		{FA05EA97-0453-42E6-A0EF-A77E6776A42D}.Release|x64.Build.0 = Release|Any CPU
		{FA05EA97-0453-42E6-A0EF-A77E6776A42D}.Release|x86.ActiveCfg = Release|Any CPU
		{FA05EA97-0453-42E6-A0EF-A77E6776A42D}.Release|x86.Build.0 = Release|Any CPU
		{D8880249-5221-45FB-8B2F-4C2A85F8C32F}.Debug|Any CPU.ActiveCfg = Debug|Any CPU
		{D8880249-5221-45FB-8B2F-4C2A85F8C32F}.Debug|Any CPU.Build.0 = Debug|Any CPU
		{D8880249-5221-45FB-8B2F-4C2A85F8C32F}.Debug|x64.ActiveCfg = Debug|Any CPU
		{D8880249-5221-45FB-8B2F-4C2A85F8C32F}.Debug|x64.Build.0 = Debug|Any CPU
		{D8880249-5221-45FB-8B2F-4C2A85F8C32F}.Debug|x86.ActiveCfg = Debug|Any CPU
		{D8880249-5221-45FB-8B2F-4C2A85F8C32F}.Debug|x86.Build.0 = Debug|Any CPU
		{D8880249-5221-45FB-8B2F-4C2A85F8C32F}.Release|Any CPU.ActiveCfg = Release|Any CPU
		{D8880249-5221-45FB-8B2F-4C2A85F8C32F}.Release|Any CPU.Build.0 = Release|Any CPU
		{D8880249-5221-45FB-8B2F-4C2A85F8C32F}.Release|x64.ActiveCfg = Release|Any CPU
		{D8880249-5221-45FB-8B2F-4C2A85F8C32F}.Release|x64.Build.0 = Release|Any CPU
		{D8880249-5221-45FB-8B2F-4C2A85F8C32F}.Release|x86.ActiveCfg = Release|Any CPU
		{D8880249-5221-45FB-8B2F-4C2A85F8C32F}.Release|x86.Build.0 = Release|Any CPU
		{008725D0-5212-4EA3-9BDA-E75E87160F1F}.Debug|Any CPU.ActiveCfg = Debug|Any CPU
		{008725D0-5212-4EA3-9BDA-E75E87160F1F}.Debug|Any CPU.Build.0 = Debug|Any CPU
		{008725D0-5212-4EA3-9BDA-E75E87160F1F}.Debug|x64.ActiveCfg = Debug|Any CPU
		{008725D0-5212-4EA3-9BDA-E75E87160F1F}.Debug|x64.Build.0 = Debug|Any CPU
		{008725D0-5212-4EA3-9BDA-E75E87160F1F}.Debug|x86.ActiveCfg = Debug|Any CPU
		{008725D0-5212-4EA3-9BDA-E75E87160F1F}.Debug|x86.Build.0 = Debug|Any CPU
		{008725D0-5212-4EA3-9BDA-E75E87160F1F}.Release|Any CPU.ActiveCfg = Release|Any CPU
		{008725D0-5212-4EA3-9BDA-E75E87160F1F}.Release|Any CPU.Build.0 = Release|Any CPU
		{008725D0-5212-4EA3-9BDA-E75E87160F1F}.Release|x64.ActiveCfg = Release|Any CPU
		{008725D0-5212-4EA3-9BDA-E75E87160F1F}.Release|x64.Build.0 = Release|Any CPU
		{008725D0-5212-4EA3-9BDA-E75E87160F1F}.Release|x86.ActiveCfg = Release|Any CPU
		{008725D0-5212-4EA3-9BDA-E75E87160F1F}.Release|x86.Build.0 = Release|Any CPU
		{7141AB8A-E978-4848-A34D-59AD336F7BE1}.Debug|Any CPU.ActiveCfg = Debug|Any CPU
		{7141AB8A-E978-4848-A34D-59AD336F7BE1}.Debug|Any CPU.Build.0 = Debug|Any CPU
		{7141AB8A-E978-4848-A34D-59AD336F7BE1}.Debug|x64.ActiveCfg = Debug|Any CPU
		{7141AB8A-E978-4848-A34D-59AD336F7BE1}.Debug|x64.Build.0 = Debug|Any CPU
		{7141AB8A-E978-4848-A34D-59AD336F7BE1}.Debug|x86.ActiveCfg = Debug|Any CPU
		{7141AB8A-E978-4848-A34D-59AD336F7BE1}.Debug|x86.Build.0 = Debug|Any CPU
		{7141AB8A-E978-4848-A34D-59AD336F7BE1}.Release|Any CPU.ActiveCfg = Release|Any CPU
		{7141AB8A-E978-4848-A34D-59AD336F7BE1}.Release|Any CPU.Build.0 = Release|Any CPU
		{7141AB8A-E978-4848-A34D-59AD336F7BE1}.Release|x64.ActiveCfg = Release|Any CPU
		{7141AB8A-E978-4848-A34D-59AD336F7BE1}.Release|x64.Build.0 = Release|Any CPU
		{7141AB8A-E978-4848-A34D-59AD336F7BE1}.Release|x86.ActiveCfg = Release|Any CPU
		{7141AB8A-E978-4848-A34D-59AD336F7BE1}.Release|x86.Build.0 = Release|Any CPU
		{0E678850-0133-4186-BED3-D04ABE017EDD}.Debug|Any CPU.ActiveCfg = Debug|Any CPU
		{0E678850-0133-4186-BED3-D04ABE017EDD}.Debug|Any CPU.Build.0 = Debug|Any CPU
		{0E678850-0133-4186-BED3-D04ABE017EDD}.Debug|x64.ActiveCfg = Debug|Any CPU
		{0E678850-0133-4186-BED3-D04ABE017EDD}.Debug|x64.Build.0 = Debug|Any CPU
		{0E678850-0133-4186-BED3-D04ABE017EDD}.Debug|x86.ActiveCfg = Debug|Any CPU
		{0E678850-0133-4186-BED3-D04ABE017EDD}.Debug|x86.Build.0 = Debug|Any CPU
		{0E678850-0133-4186-BED3-D04ABE017EDD}.Release|Any CPU.ActiveCfg = Release|Any CPU
		{0E678850-0133-4186-BED3-D04ABE017EDD}.Release|Any CPU.Build.0 = Release|Any CPU
		{0E678850-0133-4186-BED3-D04ABE017EDD}.Release|x64.ActiveCfg = Release|Any CPU
		{0E678850-0133-4186-BED3-D04ABE017EDD}.Release|x64.Build.0 = Release|Any CPU
		{0E678850-0133-4186-BED3-D04ABE017EDD}.Release|x86.ActiveCfg = Release|Any CPU
		{0E678850-0133-4186-BED3-D04ABE017EDD}.Release|x86.Build.0 = Release|Any CPU
		{0E7DA70F-86A4-477B-95F4-C8ABD8B46366}.Debug|Any CPU.ActiveCfg = Debug|Any CPU
		{0E7DA70F-86A4-477B-95F4-C8ABD8B46366}.Debug|Any CPU.Build.0 = Debug|Any CPU
		{0E7DA70F-86A4-477B-95F4-C8ABD8B46366}.Debug|x64.ActiveCfg = Debug|Any CPU
		{0E7DA70F-86A4-477B-95F4-C8ABD8B46366}.Debug|x64.Build.0 = Debug|Any CPU
		{0E7DA70F-86A4-477B-95F4-C8ABD8B46366}.Debug|x86.ActiveCfg = Debug|Any CPU
		{0E7DA70F-86A4-477B-95F4-C8ABD8B46366}.Debug|x86.Build.0 = Debug|Any CPU
		{0E7DA70F-86A4-477B-95F4-C8ABD8B46366}.Release|Any CPU.ActiveCfg = Release|Any CPU
		{0E7DA70F-86A4-477B-95F4-C8ABD8B46366}.Release|Any CPU.Build.0 = Release|Any CPU
		{0E7DA70F-86A4-477B-95F4-C8ABD8B46366}.Release|x64.ActiveCfg = Release|Any CPU
		{0E7DA70F-86A4-477B-95F4-C8ABD8B46366}.Release|x64.Build.0 = Release|Any CPU
		{0E7DA70F-86A4-477B-95F4-C8ABD8B46366}.Release|x86.ActiveCfg = Release|Any CPU
		{0E7DA70F-86A4-477B-95F4-C8ABD8B46366}.Release|x86.Build.0 = Release|Any CPU
		{85F7EE1E-4FA6-4814-B043-203082433407}.Debug|Any CPU.ActiveCfg = Debug|Any CPU
		{85F7EE1E-4FA6-4814-B043-203082433407}.Debug|Any CPU.Build.0 = Debug|Any CPU
		{85F7EE1E-4FA6-4814-B043-203082433407}.Debug|x64.ActiveCfg = Debug|Any CPU
		{85F7EE1E-4FA6-4814-B043-203082433407}.Debug|x64.Build.0 = Debug|Any CPU
		{85F7EE1E-4FA6-4814-B043-203082433407}.Debug|x86.ActiveCfg = Debug|Any CPU
		{85F7EE1E-4FA6-4814-B043-203082433407}.Debug|x86.Build.0 = Debug|Any CPU
		{85F7EE1E-4FA6-4814-B043-203082433407}.Release|Any CPU.ActiveCfg = Release|Any CPU
		{85F7EE1E-4FA6-4814-B043-203082433407}.Release|Any CPU.Build.0 = Release|Any CPU
		{85F7EE1E-4FA6-4814-B043-203082433407}.Release|x64.ActiveCfg = Release|Any CPU
		{85F7EE1E-4FA6-4814-B043-203082433407}.Release|x64.Build.0 = Release|Any CPU
		{85F7EE1E-4FA6-4814-B043-203082433407}.Release|x86.ActiveCfg = Release|Any CPU
		{85F7EE1E-4FA6-4814-B043-203082433407}.Release|x86.Build.0 = Release|Any CPU
		{1822A739-51DE-4B6C-9A03-E048397D6D50}.Debug|Any CPU.ActiveCfg = Debug|Any CPU
		{1822A739-51DE-4B6C-9A03-E048397D6D50}.Debug|Any CPU.Build.0 = Debug|Any CPU
		{1822A739-51DE-4B6C-9A03-E048397D6D50}.Debug|x64.ActiveCfg = Debug|Any CPU
		{1822A739-51DE-4B6C-9A03-E048397D6D50}.Debug|x64.Build.0 = Debug|Any CPU
		{1822A739-51DE-4B6C-9A03-E048397D6D50}.Debug|x86.ActiveCfg = Debug|Any CPU
		{1822A739-51DE-4B6C-9A03-E048397D6D50}.Debug|x86.Build.0 = Debug|Any CPU
		{1822A739-51DE-4B6C-9A03-E048397D6D50}.Release|Any CPU.ActiveCfg = Release|Any CPU
		{1822A739-51DE-4B6C-9A03-E048397D6D50}.Release|Any CPU.Build.0 = Release|Any CPU
		{1822A739-51DE-4B6C-9A03-E048397D6D50}.Release|x64.ActiveCfg = Release|Any CPU
		{1822A739-51DE-4B6C-9A03-E048397D6D50}.Release|x64.Build.0 = Release|Any CPU
		{1822A739-51DE-4B6C-9A03-E048397D6D50}.Release|x86.ActiveCfg = Release|Any CPU
		{1822A739-51DE-4B6C-9A03-E048397D6D50}.Release|x86.Build.0 = Release|Any CPU
		{46264508-E648-4CEE-A00A-269BD3F36513}.Debug|Any CPU.ActiveCfg = Debug|Any CPU
		{46264508-E648-4CEE-A00A-269BD3F36513}.Debug|Any CPU.Build.0 = Debug|Any CPU
		{46264508-E648-4CEE-A00A-269BD3F36513}.Debug|x64.ActiveCfg = Debug|Any CPU
		{46264508-E648-4CEE-A00A-269BD3F36513}.Debug|x64.Build.0 = Debug|Any CPU
		{46264508-E648-4CEE-A00A-269BD3F36513}.Debug|x86.ActiveCfg = Debug|Any CPU
		{46264508-E648-4CEE-A00A-269BD3F36513}.Debug|x86.Build.0 = Debug|Any CPU
		{46264508-E648-4CEE-A00A-269BD3F36513}.Release|Any CPU.ActiveCfg = Release|Any CPU
		{46264508-E648-4CEE-A00A-269BD3F36513}.Release|Any CPU.Build.0 = Release|Any CPU
		{46264508-E648-4CEE-A00A-269BD3F36513}.Release|x64.ActiveCfg = Release|Any CPU
		{46264508-E648-4CEE-A00A-269BD3F36513}.Release|x64.Build.0 = Release|Any CPU
		{46264508-E648-4CEE-A00A-269BD3F36513}.Release|x86.ActiveCfg = Release|Any CPU
		{46264508-E648-4CEE-A00A-269BD3F36513}.Release|x86.Build.0 = Release|Any CPU
		{F71EB251-BC8B-4782-9547-BC7A183833B2}.Debug|Any CPU.ActiveCfg = Debug|Any CPU
		{F71EB251-BC8B-4782-9547-BC7A183833B2}.Debug|Any CPU.Build.0 = Debug|Any CPU
		{F71EB251-BC8B-4782-9547-BC7A183833B2}.Debug|x64.ActiveCfg = Debug|Any CPU
		{F71EB251-BC8B-4782-9547-BC7A183833B2}.Debug|x64.Build.0 = Debug|Any CPU
		{F71EB251-BC8B-4782-9547-BC7A183833B2}.Debug|x86.ActiveCfg = Debug|Any CPU
		{F71EB251-BC8B-4782-9547-BC7A183833B2}.Debug|x86.Build.0 = Debug|Any CPU
		{F71EB251-BC8B-4782-9547-BC7A183833B2}.Release|Any CPU.ActiveCfg = Release|Any CPU
		{F71EB251-BC8B-4782-9547-BC7A183833B2}.Release|Any CPU.Build.0 = Release|Any CPU
		{F71EB251-BC8B-4782-9547-BC7A183833B2}.Release|x64.ActiveCfg = Release|Any CPU
		{F71EB251-BC8B-4782-9547-BC7A183833B2}.Release|x64.Build.0 = Release|Any CPU
		{F71EB251-BC8B-4782-9547-BC7A183833B2}.Release|x86.ActiveCfg = Release|Any CPU
		{F71EB251-BC8B-4782-9547-BC7A183833B2}.Release|x86.Build.0 = Release|Any CPU
		{294F245F-2C38-4336-95C7-45C57F97CB52}.Debug|Any CPU.ActiveCfg = Debug|Any CPU
		{294F245F-2C38-4336-95C7-45C57F97CB52}.Debug|Any CPU.Build.0 = Debug|Any CPU
		{294F245F-2C38-4336-95C7-45C57F97CB52}.Debug|x64.ActiveCfg = Debug|Any CPU
		{294F245F-2C38-4336-95C7-45C57F97CB52}.Debug|x64.Build.0 = Debug|Any CPU
		{294F245F-2C38-4336-95C7-45C57F97CB52}.Debug|x86.ActiveCfg = Debug|Any CPU
		{294F245F-2C38-4336-95C7-45C57F97CB52}.Debug|x86.Build.0 = Debug|Any CPU
		{294F245F-2C38-4336-95C7-45C57F97CB52}.Release|Any CPU.ActiveCfg = Release|Any CPU
		{294F245F-2C38-4336-95C7-45C57F97CB52}.Release|Any CPU.Build.0 = Release|Any CPU
		{294F245F-2C38-4336-95C7-45C57F97CB52}.Release|x64.ActiveCfg = Release|Any CPU
		{294F245F-2C38-4336-95C7-45C57F97CB52}.Release|x64.Build.0 = Release|Any CPU
		{294F245F-2C38-4336-95C7-45C57F97CB52}.Release|x86.ActiveCfg = Release|Any CPU
		{294F245F-2C38-4336-95C7-45C57F97CB52}.Release|x86.Build.0 = Release|Any CPU
		{AFC3E6E9-D9F5-424A-BF10-E5D3B6C83394}.Debug|Any CPU.ActiveCfg = Debug|Any CPU
		{AFC3E6E9-D9F5-424A-BF10-E5D3B6C83394}.Debug|Any CPU.Build.0 = Debug|Any CPU
		{AFC3E6E9-D9F5-424A-BF10-E5D3B6C83394}.Debug|x64.ActiveCfg = Debug|Any CPU
		{AFC3E6E9-D9F5-424A-BF10-E5D3B6C83394}.Debug|x64.Build.0 = Debug|Any CPU
		{AFC3E6E9-D9F5-424A-BF10-E5D3B6C83394}.Debug|x86.ActiveCfg = Debug|Any CPU
		{AFC3E6E9-D9F5-424A-BF10-E5D3B6C83394}.Debug|x86.Build.0 = Debug|Any CPU
		{AFC3E6E9-D9F5-424A-BF10-E5D3B6C83394}.Release|Any CPU.ActiveCfg = Release|Any CPU
		{AFC3E6E9-D9F5-424A-BF10-E5D3B6C83394}.Release|Any CPU.Build.0 = Release|Any CPU
		{AFC3E6E9-D9F5-424A-BF10-E5D3B6C83394}.Release|x64.ActiveCfg = Release|Any CPU
		{AFC3E6E9-D9F5-424A-BF10-E5D3B6C83394}.Release|x64.Build.0 = Release|Any CPU
		{AFC3E6E9-D9F5-424A-BF10-E5D3B6C83394}.Release|x86.ActiveCfg = Release|Any CPU
		{AFC3E6E9-D9F5-424A-BF10-E5D3B6C83394}.Release|x86.Build.0 = Release|Any CPU
	EndGlobalSection
	GlobalSection(SolutionProperties) = preSolution
		HideSolutionNode = FALSE
	EndGlobalSection
	GlobalSection(NestedProjects) = preSolution
		{7CA01C75-32CB-4A68-9CCE-769F471FDF22} = {4F52FD11-658E-A102-6CD3-7D7C16FFA15B}
		{BAB4449F-1DEA-7D96-B208-22F6086CAFCC} = {1318515A-FEA5-ABF0-E55F-DEF84563DA65}
		{9D04D931-98CF-411A-B64F-F9EF9667D3E8} = {BAB4449F-1DEA-7D96-B208-22F6086CAFCC}
		{6141C961-7AC9-4F1C-BC92-3FA699E5E1FD} = {BAB4449F-1DEA-7D96-B208-22F6086CAFCC}
		{4B93B418-813B-48F0-A5CA-0790D11B4FD1} = {BAB4449F-1DEA-7D96-B208-22F6086CAFCC}
		{A9402CEF-450B-4889-84D7-7EF36231B00D} = {7226ABEA-787E-1D09-10EA-A2ECF996D6A6}
		{8D881716-CF41-43E2-DA24-C52AC9FCCF8C} = {1318515A-FEA5-ABF0-E55F-DEF84563DA65}
		{7141AB8A-E978-4848-A34D-59AD336F7BE1} = {8D881716-CF41-43E2-DA24-C52AC9FCCF8C}
		{0E678850-0133-4186-BED3-D04ABE017EDD} = {8D881716-CF41-43E2-DA24-C52AC9FCCF8C}
		{0E7DA70F-86A4-477B-95F4-C8ABD8B46366} = {8D881716-CF41-43E2-DA24-C52AC9FCCF8C}
		{1822A739-51DE-4B6C-9A03-E048397D6D50} = {4F52FD11-658E-A102-6CD3-7D7C16FFA15B}
		{D4BAFBEF-14F9-3768-E7E2-C1B6A2F30B60} = {1318515A-FEA5-ABF0-E55F-DEF84563DA65}
		{46264508-E648-4CEE-A00A-269BD3F36513} = {D4BAFBEF-14F9-3768-E7E2-C1B6A2F30B60}
		{F71EB251-BC8B-4782-9547-BC7A183833B2} = {D4BAFBEF-14F9-3768-E7E2-C1B6A2F30B60}
		{294F245F-2C38-4336-95C7-45C57F97CB52} = {D4BAFBEF-14F9-3768-E7E2-C1B6A2F30B60}
		{AFC3E6E9-D9F5-424A-BF10-E5D3B6C83394} = {0AB3BF05-4346-4AA6-1389-037BE0695223}
	EndGlobalSection
EndGlobal
